
Microsoft Visual Studio Solution File, Format Version 12.00
# Visual Studio 15
VisualStudioVersion = 15.0.28016.0
MinimumVisualStudioVersion = 10.0.40219.1
Project("{9A19103F-16F7-4668-BE54-9A1E7A4F7556}") = "ConsoleApp1", "ConsoleApp1\ConsoleApp1.csproj", "{6B5D75EA-564B-4D18-88D3-4B1A2E4A2BE9}"
EndProject
Project("{9A19103F-16F7-4668-BE54-9A1E7A4F7556}") = "ElasticFunctionDemoCSharp", "ElasticFunctionDemoCSharp\ElasticFunctionDemoCSharp.csproj", "{10FEC1CC-4020-48AA-BD4D-DF5B4CD58F8B}"
EndProject
Project("{9A19103F-16F7-4668-BE54-9A1E7A4F7556}") = "Elastic.FunctionBinding", "Elastic.FunctionBinding\Elastic.FunctionBinding.csproj", "{C011B632-0AD2-4C4D-9B86-A9AFCFC447D2}"
EndProject
Global
	GlobalSection(SolutionConfigurationPlatforms) = preSolution
		Debug|Any CPU = Debug|Any CPU
		Release|Any CPU = Release|Any CPU
	EndGlobalSection
	GlobalSection(ProjectConfigurationPlatforms) = postSolution
		{6B5D75EA-564B-4D18-88D3-4B1A2E4A2BE9}.Debug|Any CPU.ActiveCfg = Debug|Any CPU
		{6B5D75EA-564B-4D18-88D3-4B1A2E4A2BE9}.Debug|Any CPU.Build.0 = Debug|Any CPU
		{6B5D75EA-564B-4D18-88D3-4B1A2E4A2BE9}.Release|Any CPU.ActiveCfg = Release|Any CPU
		{6B5D75EA-564B-4D18-88D3-4B1A2E4A2BE9}.Release|Any CPU.Build.0 = Release|Any CPU
		{10FEC1CC-4020-48AA-BD4D-DF5B4CD58F8B}.Debug|Any CPU.ActiveCfg = Debug|Any CPU
		{10FEC1CC-4020-48AA-BD4D-DF5B4CD58F8B}.Debug|Any CPU.Build.0 = Debug|Any CPU
		{10FEC1CC-4020-48AA-BD4D-DF5B4CD58F8B}.Release|Any CPU.ActiveCfg = Release|Any CPU
		{10FEC1CC-4020-48AA-BD4D-DF5B4CD58F8B}.Release|Any CPU.Build.0 = Release|Any CPU
		{C011B632-0AD2-4C4D-9B86-A9AFCFC447D2}.Debug|Any CPU.ActiveCfg = Debug|Any CPU
		{C011B632-0AD2-4C4D-9B86-A9AFCFC447D2}.Debug|Any CPU.Build.0 = Debug|Any CPU
		{C011B632-0AD2-4C4D-9B86-A9AFCFC447D2}.Release|Any CPU.ActiveCfg = Release|Any CPU
		{C011B632-0AD2-4C4D-9B86-A9AFCFC447D2}.Release|Any CPU.Build.0 = Release|Any CPU
	EndGlobalSection
	GlobalSection(SolutionProperties) = preSolution
		HideSolutionNode = FALSE
	EndGlobalSection
	GlobalSection(ExtensibilityGlobals) = postSolution
		SolutionGuid = {2E0C99C0-95A7-429B-B85E-D2F0E24CA854}
	EndGlobalSection
EndGlobal
